
Microsoft Visual Studio Solution File, Format Version 12.00
# Visual Studio Version 16
VisualStudioVersion = 16.0.31613.86
MinimumVisualStudioVersion = 10.0.40219.1
Project("{9A19103F-16F7-4668-BE54-9A1E7A4F7556}") = "todocamilotallerAF.Common", "todocamilotallerAF.Common\todocamilotallerAF.Common.csproj", "{8D55F5DC-2960-42C1-A1DF-390FF300D793}"
EndProject
Project("{9A19103F-16F7-4668-BE54-9A1E7A4F7556}") = "todocamilotallerAF.Functions", "todocamilotallerAF.Functions\todocamilotallerAF.Functions.csproj", "{F4B3D47F-A7DB-4FBB-B99F-ACE6DC30FD00}"
EndProject
Project("{9A19103F-16F7-4668-BE54-9A1E7A4F7556}") = "todocamilotallerAF.Test", "todocamilotallerAF.Test\todocamilotallerAF.Test.csproj", "{20EBA0DB-A1E0-46F7-B0A8-29DE0384211E}"
EndProject
Global
	GlobalSection(SolutionConfigurationPlatforms) = preSolution
		Debug|Any CPU = Debug|Any CPU
		Release|Any CPU = Release|Any CPU
	EndGlobalSection
	GlobalSection(ProjectConfigurationPlatforms) = postSolution
		{8D55F5DC-2960-42C1-A1DF-390FF300D793}.Debug|Any CPU.ActiveCfg = Debug|Any CPU
		{8D55F5DC-2960-42C1-A1DF-390FF300D793}.Debug|Any CPU.Build.0 = Debug|Any CPU
		{8D55F5DC-2960-42C1-A1DF-390FF300D793}.Release|Any CPU.ActiveCfg = Release|Any CPU
		{8D55F5DC-2960-42C1-A1DF-390FF300D793}.Release|Any CPU.Build.0 = Release|Any CPU
		{F4B3D47F-A7DB-4FBB-B99F-ACE6DC30FD00}.Debug|Any CPU.ActiveCfg = Debug|Any CPU
		{F4B3D47F-A7DB-4FBB-B99F-ACE6DC30FD00}.Debug|Any CPU.Build.0 = Debug|Any CPU
		{F4B3D47F-A7DB-4FBB-B99F-ACE6DC30FD00}.Release|Any CPU.ActiveCfg = Release|Any CPU
		{F4B3D47F-A7DB-4FBB-B99F-ACE6DC30FD00}.Release|Any CPU.Build.0 = Release|Any CPU
		{20EBA0DB-A1E0-46F7-B0A8-29DE0384211E}.Debug|Any CPU.ActiveCfg = Debug|Any CPU
		{20EBA0DB-A1E0-46F7-B0A8-29DE0384211E}.Debug|Any CPU.Build.0 = Debug|Any CPU
		{20EBA0DB-A1E0-46F7-B0A8-29DE0384211E}.Release|Any CPU.ActiveCfg = Release|Any CPU
		{20EBA0DB-A1E0-46F7-B0A8-29DE0384211E}.Release|Any CPU.Build.0 = Release|Any CPU
	EndGlobalSection
	GlobalSection(SolutionProperties) = preSolution
		HideSolutionNode = FALSE
	EndGlobalSection
	GlobalSection(ExtensibilityGlobals) = postSolution
		SolutionGuid = {C5995C14-6B71-4966-9409-11650ED3395D}
	EndGlobalSection
EndGlobal
